
Microsoft Visual Studio Solution File, Format Version 12.00
# Visual Studio Version 17
VisualStudioVersion = 17.3.32901.215
MinimumVisualStudioVersion = 10.0.40219.1
Project("{9A19103F-16F7-4668-BE54-9A1E7A4F7556}") = "SocialNetwork", "SocialNetwork\SocialNetwork.csproj", "{EF990407-BD31-4FAB-9915-0FE1CDAB64F2}"
EndProject
Project("{FAE04EC0-301F-11D3-BF4B-00C04F79EFBC}") = "SocialNetwork.Tests", "SocialNetwork.Tests\SocialNetwork.Tests.csproj", "{0204B3EA-E055-44E1-98F2-861DAE0139D2}"
EndProject
Global
	GlobalSection(SolutionConfigurationPlatforms) = preSolution
		Debug|Any CPU = Debug|Any CPU
		Release|Any CPU = Release|Any CPU
	EndGlobalSection
	GlobalSection(ProjectConfigurationPlatforms) = postSolution
		{EF990407-BD31-4FAB-9915-0FE1CDAB64F2}.Debug|Any CPU.ActiveCfg = Debug|Any CPU
		{EF990407-BD31-4FAB-9915-0FE1CDAB64F2}.Debug|Any CPU.Build.0 = Debug|Any CPU
		{EF990407-BD31-4FAB-9915-0FE1CDAB64F2}.Release|Any CPU.ActiveCfg = Release|Any CPU
		{EF990407-BD31-4FAB-9915-0FE1CDAB64F2}.Release|Any CPU.Build.0 = Release|Any CPU
		{0204B3EA-E055-44E1-98F2-861DAE0139D2}.Debug|Any CPU.ActiveCfg = Debug|Any CPU
		{0204B3EA-E055-44E1-98F2-861DAE0139D2}.Debug|Any CPU.Build.0 = Debug|Any CPU
		{0204B3EA-E055-44E1-98F2-861DAE0139D2}.Release|Any CPU.ActiveCfg = Release|Any CPU
		{0204B3EA-E055-44E1-98F2-861DAE0139D2}.Release|Any CPU.Build.0 = Release|Any CPU
	EndGlobalSection
	GlobalSection(SolutionProperties) = preSolution
		HideSolutionNode = FALSE
	EndGlobalSection
	GlobalSection(ExtensibilityGlobals) = postSolution
		SolutionGuid = {FA049C80-E971-4805-B0CC-F074889602A0}
	EndGlobalSection
EndGlobal
